
Microsoft Visual Studio Solution File, Format Version 12.00
# Visual Studio Version 17
VisualStudioVersion = 17.14.36121.58
MinimumVisualStudioVersion = 10.0.40219.1
Project("{FAE04EC0-301F-11D3-BF4B-00C04F79EFBC}") = "ExpenseTracker.API", "ExpenseTracker.API\ExpenseTracker.API.csproj", "{3B5608BE-644D-4523-AB2D-12C3B5D66BA2}"
EndProject
Project("{FAE04EC0-301F-11D3-BF4B-00C04F79EFBC}") = "ExpenseTracker.Infrastructure", "ExpenseTracker.Infrastructure\ExpenseTracker.Infrastructure.csproj", "{201A684B-FFC1-4032-84A6-C24259D8041A}"
EndProject
Project("{FAE04EC0-301F-11D3-BF4B-00C04F79EFBC}") = "ExpenseTracker.Domain", "ExpenseTracker.Domain\ExpenseTracker.Domain.csproj", "{570FE24B-03F9-4B60-AB6D-51F0334ABDA4}"
EndProject
Project("{FAE04EC0-301F-11D3-BF4B-00C04F79EFBC}") = "ExpenseTracker.Application", "ExpenseTracker.Application\ExpenseTracker.Application.csproj", "{A583F269-A616-4ED1-B53A-D62ED495F7D9}"
EndProject
Project("{2150E333-8FDC-42A3-9474-1A3956D46DE8}") = "Solution Items", "Solution Items", "{8EC462FD-D22E-90A8-E5CE-7E832BA40C5D}"
	ProjectSection(SolutionItems) = preProject
		.gitignore = .gitignore
	EndProjectSection
EndProject
Global
	GlobalSection(SolutionConfigurationPlatforms) = preSolution
		Debug|Any CPU = Debug|Any CPU
		Release|Any CPU = Release|Any CPU
	EndGlobalSection
	GlobalSection(ProjectConfigurationPlatforms) = postSolution
		{3B5608BE-644D-4523-AB2D-12C3B5D66BA2}.Debug|Any CPU.ActiveCfg = Debug|Any CPU
		{3B5608BE-644D-4523-AB2D-12C3B5D66BA2}.Debug|Any CPU.Build.0 = Debug|Any CPU
		{3B5608BE-644D-4523-AB2D-12C3B5D66BA2}.Release|Any CPU.ActiveCfg = Release|Any CPU
		{3B5608BE-644D-4523-AB2D-12C3B5D66BA2}.Release|Any CPU.Build.0 = Release|Any CPU
		{201A684B-FFC1-4032-84A6-C24259D8041A}.Debug|Any CPU.ActiveCfg = Debug|Any CPU
		{201A684B-FFC1-4032-84A6-C24259D8041A}.Debug|Any CPU.Build.0 = Debug|Any CPU
		{201A684B-FFC1-4032-84A6-C24259D8041A}.Release|Any CPU.ActiveCfg = Release|Any CPU
		{201A684B-FFC1-4032-84A6-C24259D8041A}.Release|Any CPU.Build.0 = Release|Any CPU
		{570FE24B-03F9-4B60-AB6D-51F0334ABDA4}.Debug|Any CPU.ActiveCfg = Debug|Any CPU
		{570FE24B-03F9-4B60-AB6D-51F0334ABDA4}.Debug|Any CPU.Build.0 = Debug|Any CPU
		{570FE24B-03F9-4B60-AB6D-51F0334ABDA4}.Release|Any CPU.ActiveCfg = Release|Any CPU
		{570FE24B-03F9-4B60-AB6D-51F0334ABDA4}.Release|Any CPU.Build.0 = Release|Any CPU
		{A583F269-A616-4ED1-B53A-D62ED495F7D9}.Debug|Any CPU.ActiveCfg = Debug|Any CPU
		{A583F269-A616-4ED1-B53A-D62ED495F7D9}.Debug|Any CPU.Build.0 = Debug|Any CPU
		{A583F269-A616-4ED1-B53A-D62ED495F7D9}.Release|Any CPU.ActiveCfg = Release|Any CPU
		{A583F269-A616-4ED1-B53A-D62ED495F7D9}.Release|Any CPU.Build.0 = Release|Any CPU
	EndGlobalSection
	GlobalSection(SolutionProperties) = preSolution
		HideSolutionNode = FALSE
	EndGlobalSection
	GlobalSection(ExtensibilityGlobals) = postSolution
		SolutionGuid = {8A32AF7A-0A5F-4730-8B1F-319F2AB4E801}
	EndGlobalSection
EndGlobal
